
Microsoft Visual Studio Solution File, Format Version 12.00
# Visual Studio Version 17
VisualStudioVersion = 17.3.32901.215
MinimumVisualStudioVersion = 10.0.40219.1
Project("{9A19103F-16F7-4668-BE54-9A1E7A4F7556}") = "Tourtravels", "Tourtravels\Tourtravels.csproj", "{A976F3F6-CCE1-4CAC-9A4E-AD68018D53EC}"
EndProject
Global
	GlobalSection(SolutionConfigurationPlatforms) = preSolution
		Debug|Any CPU = Debug|Any CPU
		Release|Any CPU = Release|Any CPU
	EndGlobalSection
	GlobalSection(ProjectConfigurationPlatforms) = postSolution
		{A976F3F6-CCE1-4CAC-9A4E-AD68018D53EC}.Debug|Any CPU.ActiveCfg = Debug|Any CPU
		{A976F3F6-CCE1-4CAC-9A4E-AD68018D53EC}.Debug|Any CPU.Build.0 = Debug|Any CPU
		{A976F3F6-CCE1-4CAC-9A4E-AD68018D53EC}.Release|Any CPU.ActiveCfg = Release|Any CPU
		{A976F3F6-CCE1-4CAC-9A4E-AD68018D53EC}.Release|Any CPU.Build.0 = Release|Any CPU
	EndGlobalSection
	GlobalSection(SolutionProperties) = preSolution
		HideSolutionNode = FALSE
	EndGlobalSection
	GlobalSection(ExtensibilityGlobals) = postSolution
		SolutionGuid = {4D3B8C20-CC3A-4E24-B036-C43B81F7F6F2}
	EndGlobalSection
EndGlobal
